// !$*UTF8*$!
{
	archiveVersion = 1;
	classes = {
	};
	objectVersion = 50;
	objects = {

/* Begin PBXBuildFile section */
		AF2EB4E321F10FDA008605C6 /* AppDelegate.swift in Sources */ = {isa = PBXBuildFile; fileRef = AF2EB4E221F10FDA008605C6 /* AppDelegate.swift */; };
		AF2EB4E521F10FDA008605C6 /* TodoListViewController.swift in Sources */ = {isa = PBXBuildFile; fileRef = AF2EB4E421F10FDA008605C6 /* TodoListViewController.swift */; };
		AF2EB4E821F10FDB008605C6 /* Main.storyboard in Resources */ = {isa = PBXBuildFile; fileRef = AF2EB4E621F10FDB008605C6 /* Main.storyboard */; };
		AF2EB4EA21F10FDF008605C6 /* Assets.xcassets in Resources */ = {isa = PBXBuildFile; fileRef = AF2EB4E921F10FDF008605C6 /* Assets.xcassets */; };
		AF2EB4ED21F10FDF008605C6 /* LaunchScreen.storyboard in Resources */ = {isa = PBXBuildFile; fileRef = AF2EB4EB21F10FDF008605C6 /* LaunchScreen.storyboard */; };
		AF2EB51C21F3D391008605C6 /* DataModel.xcdatamodeld in Sources */ = {isa = PBXBuildFile; fileRef = AF2EB51A21F3D391008605C6 /* DataModel.xcdatamodeld */; };
		AF2EB51E21F4FEA3008605C6 /* CategoryTableViewController.swift in Sources */ = {isa = PBXBuildFile; fileRef = AF2EB51D21F4FEA3008605C6 /* CategoryTableViewController.swift */; };
/* End PBXBuildFile section */

/* Begin PBXFileReference section */
		AF2EB4DF21F10FDA008605C6 /* Todoey.app */ = {isa = PBXFileReference; explicitFileType = wrapper.application; includeInIndex = 0; path = Todoey.app; sourceTree = BUILT_PRODUCTS_DIR; };
		AF2EB4E221F10FDA008605C6 /* AppDelegate.swift */ = {isa = PBXFileReference; lastKnownFileType = sourcecode.swift; path = AppDelegate.swift; sourceTree = "<group>"; };
		AF2EB4E421F10FDA008605C6 /* TodoListViewController.swift */ = {isa = PBXFileReference; lastKnownFileType = sourcecode.swift; path = TodoListViewController.swift; sourceTree = "<group>"; };
		AF2EB4E721F10FDB008605C6 /* Base */ = {isa = PBXFileReference; lastKnownFileType = file.storyboard; name = Base; path = Base.lproj/Main.storyboard; sourceTree = "<group>"; };
		AF2EB4E921F10FDF008605C6 /* Assets.xcassets */ = {isa = PBXFileReference; lastKnownFileType = folder.assetcatalog; path = Assets.xcassets; sourceTree = "<group>"; };
		AF2EB4EC21F10FDF008605C6 /* Base */ = {isa = PBXFileReference; lastKnownFileType = file.storyboard; name = Base; path = Base.lproj/LaunchScreen.storyboard; sourceTree = "<group>"; };
		AF2EB4EE21F10FDF008605C6 /* Info.plist */ = {isa = PBXFileReference; lastKnownFileType = text.plist.xml; path = Info.plist; sourceTree = "<group>"; };
		AF2EB51B21F3D391008605C6 /* DataModel.xcdatamodel */ = {isa = PBXFileReference; lastKnownFileType = wrapper.xcdatamodel; path = DataModel.xcdatamodel; sourceTree = "<group>"; };
		AF2EB51D21F4FEA3008605C6 /* CategoryTableViewController.swift */ = {isa = PBXFileReference; lastKnownFileType = sourcecode.swift; path = CategoryTableViewController.swift; sourceTree = "<group>"; };
/* End PBXFileReference section */

/* Begin PBXFrameworksBuildPhase section */
		AF2EB4DC21F10FDA008605C6 /* Frameworks */ = {
			isa = PBXFrameworksBuildPhase;
			buildActionMask = 2147483647;
			files = (
			);
			runOnlyForDeploymentPostprocessing = 0;
		};
/* End PBXFrameworksBuildPhase section */

/* Begin PBXGroup section */
		AF2EB4D621F10FDA008605C6 = {
			isa = PBXGroup;
			children = (
				AF2EB4E121F10FDA008605C6 /* Todoey */,
				AF2EB4E021F10FDA008605C6 /* Products */,
			);
			sourceTree = "<group>";
		};
		AF2EB4E021F10FDA008605C6 /* Products */ = {
			isa = PBXGroup;
			children = (
				AF2EB4DF21F10FDA008605C6 /* Todoey.app */,
			);
			name = Products;
			sourceTree = "<group>";
		};
		AF2EB4E121F10FDA008605C6 /* Todoey */ = {
			isa = PBXGroup;
			children = (
				AF2EB4E221F10FDA008605C6 /* AppDelegate.swift */,
				AF2EB4F821F26A3D008605C6 /* Controller */,
				AF2EB4F721F26A33008605C6 /* View */,
				AF2EB4F421F269E0008605C6 /* Model */,
				AF2EB4E921F10FDF008605C6 /* Assets.xcassets */,
				AF2EB4EB21F10FDF008605C6 /* LaunchScreen.storyboard */,
				AF2EB4EE21F10FDF008605C6 /* Info.plist */,
			);
			path = Todoey;
			sourceTree = "<group>";
		};
		AF2EB4F421F269E0008605C6 /* Model */ = {
			isa = PBXGroup;
			children = (
				AF2EB51A21F3D391008605C6 /* DataModel.xcdatamodeld */,
			);
			path = Model;
			sourceTree = "<group>";
		};
		AF2EB4F721F26A33008605C6 /* View */ = {
			isa = PBXGroup;
			children = (
				AF2EB4E621F10FDB008605C6 /* Main.storyboard */,
			);
			path = View;
			sourceTree = "<group>";
		};
		AF2EB4F821F26A3D008605C6 /* Controller */ = {
			isa = PBXGroup;
			children = (
				AF2EB4E421F10FDA008605C6 /* TodoListViewController.swift */,
				AF2EB51D21F4FEA3008605C6 /* CategoryTableViewController.swift */,
			);
			path = Controller;
			sourceTree = "<group>";
		};
/* End PBXGroup section */

/* Begin PBXNativeTarget section */
		AF2EB4DE21F10FDA008605C6 /* Todoey */ = {
			isa = PBXNativeTarget;
			buildConfigurationList = AF2EB4F121F10FDF008605C6 /* Build configuration list for PBXNativeTarget "Todoey" */;
			buildPhases = (
				AF2EB4DB21F10FDA008605C6 /* Sources */,
				AF2EB4DC21F10FDA008605C6 /* Frameworks */,
				AF2EB4DD21F10FDA008605C6 /* Resources */,
			);
			buildRules = (
			);
			dependencies = (
			);
			name = Todoey;
			productName = Todoey;
			productReference = AF2EB4DF21F10FDA008605C6 /* Todoey.app */;
			productType = "com.apple.product-type.application";
		};
/* End PBXNativeTarget section */

/* Begin PBXProject section */
		AF2EB4D721F10FDA008605C6 /* Project object */ = {
			isa = PBXProject;
			attributes = {
				LastSwiftUpdateCheck = 1010;
				LastUpgradeCheck = 1010;
				ORGANIZATIONNAME = "Ryan Huebert";
				TargetAttributes = {
					AF2EB4DE21F10FDA008605C6 = {
						CreatedOnToolsVersion = 10.1;
					};
				};
			};
			buildConfigurationList = AF2EB4DA21F10FDA008605C6 /* Build configuration list for PBXProject "Todoey" */;
			compatibilityVersion = "Xcode 9.3";
			developmentRegion = en;
			hasScannedForEncodings = 0;
			knownRegions = (
				en,
				Base,
			);
			mainGroup = AF2EB4D621F10FDA008605C6;
			productRefGroup = AF2EB4E021F10FDA008605C6 /* Products */;
			projectDirPath = "";
			projectRoot = "";
			targets = (
				AF2EB4DE21F10FDA008605C6 /* Todoey */,
			);
		};
/* End PBXProject section */

/* Begin PBXResourcesBuildPhase section */
		AF2EB4DD21F10FDA008605C6 /* Resources */ = {
			isa = PBXResourcesBuildPhase;
			buildActionMask = 2147483647;
			files = (
				AF2EB4ED21F10FDF008605C6 /* LaunchScreen.storyboard in Resources */,
				AF2EB4EA21F10FDF008605C6 /* Assets.xcassets in Resources */,
				AF2EB4E821F10FDB008605C6 /* Main.storyboard in Resources */,
			);
			runOnlyForDeploymentPostprocessing = 0;
		};
/* End PBXResourcesBuildPhase section */

/* Begin PBXSourcesBuildPhase section */
		AF2EB4DB21F10FDA008605C6 /* Sources */ = {
			isa = PBXSourcesBuildPhase;
			buildActionMask = 2147483647;
			files = (
				AF2EB4E521F10FDA008605C6 /* TodoListViewController.swift in Sources */,
				AF2EB51C21F3D391008605C6 /* DataModel.xcdatamodeld in Sources */,
				AF2EB4E321F10FDA008605C6 /* AppDelegate.swift in Sources */,
				AF2EB51E21F4FEA3008605C6 /* CategoryTableViewController.swift in Sources */,
			);
			runOnlyForDeploymentPostprocessing = 0;
		};
/* End PBXSourcesBuildPhase section */

/* Begin PBXVariantGroup section */
		AF2EB4E621F10FDB008605C6 /* Main.storyboard */ = {
			isa = PBXVariantGroup;
			children = (
				AF2EB4E721F10FDB008605C6 /* Base */,
			);
			name = Main.storyboard;
			sourceTree = "<group>";
		};
		AF2EB4EB21F10FDF008605C6 /* LaunchScreen.storyboard */ = {
			isa = PBXVariantGroup;
			children = (
				AF2EB4EC21F10FDF008605C6 /* Base */,
			);
			name = LaunchScreen.storyboard;
			sourceTree = "<group>";
		};
/* End PBXVariantGroup section */

/* Begin XCBuildConfiguration section */
		AF2EB4EF21F10FDF008605C6 /* Debug */ = {
			isa = XCBuildConfiguration;
			buildSettings = {
				ALWAYS_SEARCH_USER_PATHS = NO;
				CLANG_ANALYZER_NONNULL = YES;
				CLANG_ANALYZER_NUMBER_OBJECT_CONVERSION = YES_AGGRESSIVE;
				CLANG_CXX_LANGUAGE_STANDARD = "gnu++14";
				CLANG_CXX_LIBRARY = "libc++";
				CLANG_ENABLE_MODULES = YES;
				CLANG_ENABLE_OBJC_ARC = YES;
				CLANG_ENABLE_OBJC_WEAK = YES;
				CLANG_WARN_BLOCK_CAPTURE_AUTORELEASING = YES;
				CLANG_WARN_BOOL_CONVERSION = YES;
				CLANG_WARN_COMMA = YES;
				CLANG_WARN_CONSTANT_CONVERSION = YES;
				CLANG_WARN_DEPRECATED_OBJC_IMPLEMENTATIONS = YES;
				CLANG_WARN_DIRECT_OBJC_ISA_USAGE = YES_ERROR;
				CLANG_WARN_DOCUMENTATION_COMMENTS = YES;
				CLANG_WARN_EMPTY_BODY = YES;
				CLANG_WARN_ENUM_CONVERSION = YES;
				CLANG_WARN_INFINITE_RECURSION = YES;
				CLANG_WARN_INT_CONVERSION = YES;
				CLANG_WARN_NON_LITERAL_NULL_CONVERSION = YES;
				CLANG_WARN_OBJC_IMPLICIT_RETAIN_SELF = YES;
				CLANG_WARN_OBJC_LITERAL_CONVERSION = YES;
				CLANG_WARN_OBJC_ROOT_CLASS = YES_ERROR;
				CLANG_WARN_RANGE_LOOP_ANALYSIS = YES;
				CLANG_WARN_STRICT_PROTOTYPES = YES;
				CLANG_WARN_SUSPICIOUS_MOVE = YES;
				CLANG_WARN_UNGUARDED_AVAILABILITY = YES_AGGRESSIVE;
				CLANG_WARN_UNREACHABLE_CODE = YES;
				CLANG_WARN__DUPLICATE_METHOD_MATCH = YES;
				CODE_SIGN_IDENTITY = "iPhone Developer";
				COPY_PHASE_STRIP = NO;
				DEBUG_INFORMATION_FORMAT = dwarf;
				ENABLE_STRICT_OBJC_MSGSEND = YES;
				ENABLE_TESTABILITY = YES;
				GCC_C_LANGUAGE_STANDARD = gnu11;
				GCC_DYNAMIC_NO_PIC = NO;
				GCC_NO_COMMON_BLOCKS = YES;
				GCC_OPTIMIZATION_LEVEL = 0;
				GCC_PREPROCESSOR_DEFINITIONS = (
					"DEBUG=1",
					"$(inherited)",
				);
				GCC_WARN_64_TO_32_BIT_CONVERSION = YES;
				GCC_WARN_ABOUT_RETURN_TYPE = YES_ERROR;
				GCC_WARN_UNDECLARED_SELECTOR = YES;
				GCC_WARN_UNINITIALIZED_AUTOS = YES_AGGRESSIVE;
				GCC_WARN_UNUSED_FUNCTION = YES;
				GCC_WARN_UNUSED_VARIABLE = YES;
				IPHONEOS_DEPLOYMENT_TARGET = 12.1;
				MTL_ENABLE_DEBUG_INFO = INCLUDE_SOURCE;
				MTL_FAST_MATH = YES;
				ONLY_ACTIVE_ARCH = YES;
				SDKROOT = iphoneos;
				SWIFT_ACTIVE_COMPILATION_CONDITIONS = DEBUG;
				SWIFT_OPTIMIZATION_LEVEL = "-Onone";
			};
			name = Debug;
		};
		AF2EB4F021F10FDF008605C6 /* Release */ = {
			isa = XCBuildConfiguration;
			buildSettings = {
				ALWAYS_SEARCH_USER_PATHS = NO;
				CLANG_ANALYZER_NONNULL = YES;
				CLANG_ANALYZER_NUMBER_OBJECT_CONVERSION = YES_AGGRESSIVE;
				CLANG_CXX_LANGUAGE_STANDARD = "gnu++14";
				CLANG_CXX_LIBRARY = "libc++";
				CLANG_ENABLE_MODULES = YES;
				CLANG_ENABLE_OBJC_ARC = YES;
				CLANG_ENABLE_OBJC_WEAK = YES;
				CLANG_WARN_BLOCK_CAPTURE_AUTORELEASING = YES;
				CLANG_WARN_BOOL_CONVERSION = YES;
				CLANG_WARN_COMMA = YES;
				CLANG_WARN_CONSTANT_CONVERSION = YES;
				CLANG_WARN_DEPRECATED_OBJC_IMPLEMENTATIONS = YES;
				CLANG_WARN_DIRECT_OBJC_ISA_USAGE = YES_ERROR;
				CLANG_WARN_DOCUMENTATION_COMMENTS = YES;
				CLANG_WARN_EMPTY_BODY = YES;
				CLANG_WARN_ENUM_CONVERSION = YES;
				CLANG_WARN_INFINITE_RECURSION = YES;
				CLANG_WARN_INT_CONVERSION = YES;
				CLANG_WARN_NON_LITERAL_NULL_CONVERSION = YES;
				CLANG_WARN_OBJC_IMPLICIT_RETAIN_SELF = YES;
				CLANG_WARN_OBJC_LITERAL_CONVERSION = YES;
				CLANG_WARN_OBJC_ROOT_CLASS = YES_ERROR;
				CLANG_WARN_RANGE_LOOP_ANALYSIS = YES;
				CLANG_WARN_STRICT_PROTOTYPES = YES;
				CLANG_WARN_SUSPICIOUS_MOVE = YES;
				CLANG_WARN_UNGUARDED_AVAILABILITY = YES_AGGRESSIVE;
				CLANG_WARN_UNREACHABLE_CODE = YES;
				CLANG_WARN__DUPLICATE_METHOD_MATCH = YES;
				CODE_SIGN_IDENTITY = "iPhone Developer";
				COPY_PHASE_STRIP = NO;
				DEBUG_INFORMATION_FORMAT = "dwarf-with-dsym";
				ENABLE_NS_ASSERTIONS = NO;
				ENABLE_STRICT_OBJC_MSGSEND = YES;
				GCC_C_LANGUAGE_STANDARD = gnu11;
				GCC_NO_COMMON_BLOCKS = YES;
				GCC_WARN_64_TO_32_BIT_CONVERSION = YES;
				GCC_WARN_ABOUT_RETURN_TYPE = YES_ERROR;
				GCC_WARN_UNDECLARED_SELECTOR = YES;
				GCC_WARN_UNINITIALIZED_AUTOS = YES_AGGRESSIVE;
				GCC_WARN_UNUSED_FUNCTION = YES;
				GCC_WARN_UNUSED_VARIABLE = YES;
				IPHONEOS_DEPLOYMENT_TARGET = 12.1;
				MTL_ENABLE_DEBUG_INFO = NO;
				MTL_FAST_MATH = YES;
				SDKROOT = iphoneos;
				SWIFT_COMPILATION_MODE = wholemodule;
				SWIFT_OPTIMIZATION_LEVEL = "-O";
				VALIDATE_PRODUCT = YES;
			};
			name = Release;
		};
		AF2EB4F221F10FDF008605C6 /* Debug */ = {
			isa = XCBuildConfiguration;
			buildSettings = {
				ASSETCATALOG_COMPILER_APPICON_NAME = AppIcon;
				CODE_SIGN_STYLE = Automatic;
				DEVELOPMENT_TEAM = XP74QF7MZ5;
				INFOPLIST_FILE = Todoey/Info.plist;
				LD_RUNPATH_SEARCH_PATHS = (
					"$(inherited)",
					"@executable_path/Frameworks",
				);
				PRODUCT_BUNDLE_IDENTIFIER = com.ryanhuebert.Todoey;
				PRODUCT_NAME = "$(TARGET_NAME)";
				SWIFT_VERSION = 4.2;
				TARGETED_DEVICE_FAMILY = "1,2";
			};
			name = Debug;
		};
		AF2EB4F321F10FDF008605C6 /* Release */ = {
			isa = XCBuildConfiguration;
			buildSettings = {
				ASSETCATALOG_COMPILER_APPICON_NAME = AppIcon;
				CODE_SIGN_STYLE = Automatic;
				DEVELOPMENT_TEAM = XP74QF7MZ5;
				INFOPLIST_FILE = Todoey/Info.plist;
				LD_RUNPATH_SEARCH_PATHS = (
					"$(inherited)",
					"@executable_path/Frameworks",
				);
				PRODUCT_BUNDLE_IDENTIFIER = com.ryanhuebert.Todoey;
				PRODUCT_NAME = "$(TARGET_NAME)";
				SWIFT_VERSION = 4.2;
				TARGETED_DEVICE_FAMILY = "1,2";
			};
			name = Release;
		};
/* End XCBuildConfiguration section */

/* Begin XCConfigurationList section */
		AF2EB4DA21F10FDA008605C6 /* Build configuration list for PBXProject "Todoey" */ = {
			isa = XCConfigurationList;
			buildConfigurations = (
				AF2EB4EF21F10FDF008605C6 /* Debug */,
				AF2EB4F021F10FDF008605C6 /* Release */,
			);
			defaultConfigurationIsVisible = 0;
			defaultConfigurationName = Release;
		};
		AF2EB4F121F10FDF008605C6 /* Build configuration list for PBXNativeTarget "Todoey" */ = {
			isa = XCConfigurationList;
			buildConfigurations = (
				AF2EB4F221F10FDF008605C6 /* Debug */,
				AF2EB4F321F10FDF008605C6 /* Release */,
			);
			defaultConfigurationIsVisible = 0;
			defaultConfigurationName = Release;
		};
/* End XCConfigurationList section */

/* Begin XCVersionGroup section */
		AF2EB51A21F3D391008605C6 /* DataModel.xcdatamodeld */ = {
			isa = XCVersionGroup;
			children = (
				AF2EB51B21F3D391008605C6 /* DataModel.xcdatamodel */,
			);
			currentVersion = AF2EB51B21F3D391008605C6 /* DataModel.xcdatamodel */;
			path = DataModel.xcdatamodeld;
			sourceTree = "<group>";
			versionGroupType = wrapper.xcdatamodel;
		};
/* End XCVersionGroup section */
	};
	rootObject = AF2EB4D721F10FDA008605C6 /* Project object */;
}
